
Microsoft Visual Studio Solution File, Format Version 12.00
# Visual Studio Version 17
VisualStudioVersion = 17.9.34902.65
MinimumVisualStudioVersion = 10.0.40219.1
Project("{FAE04EC0-301F-11D3-BF4B-00C04F79EFBC}") = "EventManager", "EventManager\EventManager.csproj", "{13318FA6-2125-49D6-ADF6-393FE3967057}"
EndProject
Global
	GlobalSection(SolutionConfigurationPlatforms) = preSolution
		Debug|Any CPU = Debug|Any CPU
		Release|Any CPU = Release|Any CPU
	EndGlobalSection
	GlobalSection(ProjectConfigurationPlatforms) = postSolution
		{13318FA6-2125-49D6-ADF6-393FE3967057}.Debug|Any CPU.ActiveCfg = Debug|Any CPU
		{13318FA6-2125-49D6-ADF6-393FE3967057}.Debug|Any CPU.Build.0 = Debug|Any CPU
		{13318FA6-2125-49D6-ADF6-393FE3967057}.Release|Any CPU.ActiveCfg = Release|Any CPU
		{13318FA6-2125-49D6-ADF6-393FE3967057}.Release|Any CPU.Build.0 = Release|Any CPU
	EndGlobalSection
	GlobalSection(SolutionProperties) = preSolution
		HideSolutionNode = FALSE
	EndGlobalSection
	GlobalSection(ExtensibilityGlobals) = postSolution
		SolutionGuid = {F0D0FC33-8ED5-495E-A463-93157CA9EEF6}
	EndGlobalSection
EndGlobal
